// !$*UTF8*$!
{
	archiveVersion = 1;
	classes = {
	};
	objectVersion = 56;
	objects = {

/* Begin PBXBuildFile section */
		47C165952A56B1480058987A /* MouseWithoutBorderApp.swift in Sources */ = {isa = PBXBuildFile; fileRef = 47C165942A56B1480058987A /* MouseWithoutBorderApp.swift */; };
		47C165972A56B1480058987A /* ContentView.swift in Sources */ = {isa = PBXBuildFile; fileRef = 47C165962A56B1480058987A /* ContentView.swift */; };
		47C165992A56B14A0058987A /* Assets.xcassets in Resources */ = {isa = PBXBuildFile; fileRef = 47C165982A56B14A0058987A /* Assets.xcassets */; };
		47C1659C2A56B14A0058987A /* Preview Assets.xcassets in Resources */ = {isa = PBXBuildFile; fileRef = 47C1659B2A56B14A0058987A /* Preview Assets.xcassets */; };
		47D8820F2A56B60200D4D77D /* AppDelegate.swift in Sources */ = {isa = PBXBuildFile; fileRef = 47D8820E2A56B60200D4D77D /* AppDelegate.swift */; };
		47D882122A56C74500D4D77D /* AppState.swift in Sources */ = {isa = PBXBuildFile; fileRef = 47D882112A56C74500D4D77D /* AppState.swift */; };
/* End PBXBuildFile section */

/* Begin PBXFileReference section */
		47C165912A56B1480058987A /* MouseWithoutBorder.app */ = {isa = PBXFileReference; explicitFileType = wrapper.application; includeInIndex = 0; path = MouseWithoutBorder.app; sourceTree = BUILT_PRODUCTS_DIR; };
		47C165942A56B1480058987A /* MouseWithoutBorderApp.swift */ = {isa = PBXFileReference; lastKnownFileType = sourcecode.swift; path = MouseWithoutBorderApp.swift; sourceTree = "<group>"; };
		47C165962A56B1480058987A /* ContentView.swift */ = {isa = PBXFileReference; lastKnownFileType = sourcecode.swift; path = ContentView.swift; sourceTree = "<group>"; };
		47C165982A56B14A0058987A /* Assets.xcassets */ = {isa = PBXFileReference; lastKnownFileType = folder.assetcatalog; path = Assets.xcassets; sourceTree = "<group>"; };
		47C1659B2A56B14A0058987A /* Preview Assets.xcassets */ = {isa = PBXFileReference; lastKnownFileType = folder.assetcatalog; path = "Preview Assets.xcassets"; sourceTree = "<group>"; };
		47C1659D2A56B14A0058987A /* MouseWithoutBorder.entitlements */ = {isa = PBXFileReference; lastKnownFileType = text.plist.entitlements; path = MouseWithoutBorder.entitlements; sourceTree = "<group>"; };
		47D8820E2A56B60200D4D77D /* AppDelegate.swift */ = {isa = PBXFileReference; lastKnownFileType = sourcecode.swift; path = AppDelegate.swift; sourceTree = "<group>"; };
		47D882102A56C2AF00D4D77D /* Info.plist */ = {isa = PBXFileReference; lastKnownFileType = text.plist; path = Info.plist; sourceTree = "<group>"; };
		47D882112A56C74500D4D77D /* AppState.swift */ = {isa = PBXFileReference; lastKnownFileType = sourcecode.swift; path = AppState.swift; sourceTree = "<group>"; };
/* End PBXFileReference section */

/* Begin PBXFrameworksBuildPhase section */
		47C1658E2A56B1470058987A /* Frameworks */ = {
			isa = PBXFrameworksBuildPhase;
			buildActionMask = 2147483647;
			files = (
			);
			runOnlyForDeploymentPostprocessing = 0;
		};
/* End PBXFrameworksBuildPhase section */

/* Begin PBXGroup section */
		47C165882A56B1470058987A = {
			isa = PBXGroup;
			children = (
				47C165932A56B1480058987A /* MouseWithoutBorder */,
				47C165922A56B1480058987A /* Products */,
			);
			sourceTree = "<group>";
		};
		47C165922A56B1480058987A /* Products */ = {
			isa = PBXGroup;
			children = (
				47C165912A56B1480058987A /* MouseWithoutBorder.app */,
			);
			name = Products;
			sourceTree = "<group>";
		};
		47C165932A56B1480058987A /* MouseWithoutBorder */ = {
			isa = PBXGroup;
			children = (
				47D882102A56C2AF00D4D77D /* Info.plist */,
				47C165942A56B1480058987A /* MouseWithoutBorderApp.swift */,
				47C165962A56B1480058987A /* ContentView.swift */,
				47C165982A56B14A0058987A /* Assets.xcassets */,
				47C1659D2A56B14A0058987A /* MouseWithoutBorder.entitlements */,
				47C1659A2A56B14A0058987A /* Preview Content */,
				47D8820E2A56B60200D4D77D /* AppDelegate.swift */,
				47D882112A56C74500D4D77D /* AppState.swift */,
			);
			path = MouseWithoutBorder;
			sourceTree = "<group>";
		};
		47C1659A2A56B14A0058987A /* Preview Content */ = {
			isa = PBXGroup;
			children = (
				47C1659B2A56B14A0058987A /* Preview Assets.xcassets */,
			);
			path = "Preview Content";
			sourceTree = "<group>";
		};
/* End PBXGroup section */

/* Begin PBXNativeTarget section */
		47C165902A56B1470058987A /* MouseWithoutBorder */ = {
			isa = PBXNativeTarget;
			buildConfigurationList = 47C165A02A56B14A0058987A /* Build configuration list for PBXNativeTarget "MouseWithoutBorder" */;
			buildPhases = (
				47C1658D2A56B1470058987A /* Sources */,
				47C1658E2A56B1470058987A /* Frameworks */,
				47C1658F2A56B1470058987A /* Resources */,
			);
			buildRules = (
			);
			dependencies = (
			);
			name = MouseWithoutBorder;
			productName = MouseWithoutBorder;
			productReference = 47C165912A56B1480058987A /* MouseWithoutBorder.app */;
			productType = "com.apple.product-type.application";
		};
/* End PBXNativeTarget section */

/* Begin PBXProject section */
		47C165892A56B1470058987A /* Project object */ = {
			isa = PBXProject;
			attributes = {
				BuildIndependentTargetsInParallel = 1;
				LastSwiftUpdateCheck = 1410;
				LastUpgradeCheck = 1410;
				TargetAttributes = {
					47C165902A56B1470058987A = {
						CreatedOnToolsVersion = 14.1;
					};
				};
			};
			buildConfigurationList = 47C1658C2A56B1470058987A /* Build configuration list for PBXProject "MouseWithoutBorder" */;
			compatibilityVersion = "Xcode 14.0";
			developmentRegion = en;
			hasScannedForEncodings = 0;
			knownRegions = (
				en,
				Base,
			);
			mainGroup = 47C165882A56B1470058987A;
			productRefGroup = 47C165922A56B1480058987A /* Products */;
			projectDirPath = "";
			projectRoot = "";
			targets = (
				47C165902A56B1470058987A /* MouseWithoutBorder */,
			);
		};
/* End PBXProject section */

/* Begin PBXResourcesBuildPhase section */
		47C1658F2A56B1470058987A /* Resources */ = {
			isa = PBXResourcesBuildPhase;
			buildActionMask = 2147483647;
			files = (
				47C1659C2A56B14A0058987A /* Preview Assets.xcassets in Resources */,
				47C165992A56B14A0058987A /* Assets.xcassets in Resources */,
			);
			runOnlyForDeploymentPostprocessing = 0;
		};
/* End PBXResourcesBuildPhase section */

/* Begin PBXSourcesBuildPhase section */
		47C1658D2A56B1470058987A /* Sources */ = {
			isa = PBXSourcesBuildPhase;
			buildActionMask = 2147483647;
			files = (
				47D8820F2A56B60200D4D77D /* AppDelegate.swift in Sources */,
				47C165972A56B1480058987A /* ContentView.swift in Sources */,
				47C165952A56B1480058987A /* MouseWithoutBorderApp.swift in Sources */,
				47D882122A56C74500D4D77D /* AppState.swift in Sources */,
			);
			runOnlyForDeploymentPostprocessing = 0;
		};
/* End PBXSourcesBuildPhase section */

/* Begin XCBuildConfiguration section */
		47C1659E2A56B14A0058987A /* Debug */ = {
			isa = XCBuildConfiguration;
			buildSettings = {
				ALWAYS_SEARCH_USER_PATHS = NO;
				CLANG_ANALYZER_NONNULL = YES;
				CLANG_ANALYZER_NUMBER_OBJECT_CONVERSION = YES_AGGRESSIVE;
				CLANG_CXX_LANGUAGE_STANDARD = "gnu++20";
				CLANG_ENABLE_MODULES = YES;
				CLANG_ENABLE_OBJC_ARC = YES;
				CLANG_ENABLE_OBJC_WEAK = YES;
				CLANG_WARN_BLOCK_CAPTURE_AUTORELEASING = YES;
				CLANG_WARN_BOOL_CONVERSION = YES;
				CLANG_WARN_COMMA = YES;
				CLANG_WARN_CONSTANT_CONVERSION = YES;
				CLANG_WARN_DEPRECATED_OBJC_IMPLEMENTATIONS = YES;
				CLANG_WARN_DIRECT_OBJC_ISA_USAGE = YES_ERROR;
				CLANG_WARN_DOCUMENTATION_COMMENTS = YES;
				CLANG_WARN_EMPTY_BODY = YES;
				CLANG_WARN_ENUM_CONVERSION = YES;
				CLANG_WARN_INFINITE_RECURSION = YES;
				CLANG_WARN_INT_CONVERSION = YES;
				CLANG_WARN_NON_LITERAL_NULL_CONVERSION = YES;
				CLANG_WARN_OBJC_IMPLICIT_RETAIN_SELF = YES;
				CLANG_WARN_OBJC_LITERAL_CONVERSION = YES;
				CLANG_WARN_OBJC_ROOT_CLASS = YES_ERROR;
				CLANG_WARN_QUOTED_INCLUDE_IN_FRAMEWORK_HEADER = YES;
				CLANG_WARN_RANGE_LOOP_ANALYSIS = YES;
				CLANG_WARN_STRICT_PROTOTYPES = YES;
				CLANG_WARN_SUSPICIOUS_MOVE = YES;
				CLANG_WARN_UNGUARDED_AVAILABILITY = YES_AGGRESSIVE;
				CLANG_WARN_UNREACHABLE_CODE = YES;
				CLANG_WARN__DUPLICATE_METHOD_MATCH = YES;
				COPY_PHASE_STRIP = NO;
				DEBUG_INFORMATION_FORMAT = dwarf;
				ENABLE_STRICT_OBJC_MSGSEND = YES;
				ENABLE_TESTABILITY = YES;
				GCC_C_LANGUAGE_STANDARD = gnu11;
				GCC_DYNAMIC_NO_PIC = NO;
				GCC_NO_COMMON_BLOCKS = YES;
				GCC_OPTIMIZATION_LEVEL = 0;
				GCC_PREPROCESSOR_DEFINITIONS = (
					"DEBUG=1",
					"$(inherited)",
				);
				GCC_WARN_64_TO_32_BIT_CONVERSION = YES;
				GCC_WARN_ABOUT_RETURN_TYPE = YES_ERROR;
				GCC_WARN_UNDECLARED_SELECTOR = YES;
				GCC_WARN_UNINITIALIZED_AUTOS = YES_AGGRESSIVE;
				GCC_WARN_UNUSED_FUNCTION = YES;
				GCC_WARN_UNUSED_VARIABLE = YES;
				MACOSX_DEPLOYMENT_TARGET = 13.0;
				MTL_ENABLE_DEBUG_INFO = INCLUDE_SOURCE;
				MTL_FAST_MATH = YES;
				ONLY_ACTIVE_ARCH = YES;
				SDKROOT = macosx;
				SWIFT_ACTIVE_COMPILATION_CONDITIONS = DEBUG;
				SWIFT_OPTIMIZATION_LEVEL = "-Onone";
			};
			name = Debug;
		};
		47C1659F2A56B14A0058987A /* Release */ = {
			isa = XCBuildConfiguration;
			buildSettings = {
				ALWAYS_SEARCH_USER_PATHS = NO;
				CLANG_ANALYZER_NONNULL = YES;
				CLANG_ANALYZER_NUMBER_OBJECT_CONVERSION = YES_AGGRESSIVE;
				CLANG_CXX_LANGUAGE_STANDARD = "gnu++20";
				CLANG_ENABLE_MODULES = YES;
				CLANG_ENABLE_OBJC_ARC = YES;
				CLANG_ENABLE_OBJC_WEAK = YES;
				CLANG_WARN_BLOCK_CAPTURE_AUTORELEASING = YES;
				CLANG_WARN_BOOL_CONVERSION = YES;
				CLANG_WARN_COMMA = YES;
				CLANG_WARN_CONSTANT_CONVERSION = YES;
				CLANG_WARN_DEPRECATED_OBJC_IMPLEMENTATIONS = YES;
				CLANG_WARN_DIRECT_OBJC_ISA_USAGE = YES_ERROR;
				CLANG_WARN_DOCUMENTATION_COMMENTS = YES;
				CLANG_WARN_EMPTY_BODY = YES;
				CLANG_WARN_ENUM_CONVERSION = YES;
				CLANG_WARN_INFINITE_RECURSION = YES;
				CLANG_WARN_INT_CONVERSION = YES;
				CLANG_WARN_NON_LITERAL_NULL_CONVERSION = YES;
				CLANG_WARN_OBJC_IMPLICIT_RETAIN_SELF = YES;
				CLANG_WARN_OBJC_LITERAL_CONVERSION = YES;
				CLANG_WARN_OBJC_ROOT_CLASS = YES_ERROR;
				CLANG_WARN_QUOTED_INCLUDE_IN_FRAMEWORK_HEADER = YES;
				CLANG_WARN_RANGE_LOOP_ANALYSIS = YES;
				CLANG_WARN_STRICT_PROTOTYPES = YES;
				CLANG_WARN_SUSPICIOUS_MOVE = YES;
				CLANG_WARN_UNGUARDED_AVAILABILITY = YES_AGGRESSIVE;
				CLANG_WARN_UNREACHABLE_CODE = YES;
				CLANG_WARN__DUPLICATE_METHOD_MATCH = YES;
				COPY_PHASE_STRIP = NO;
				DEBUG_INFORMATION_FORMAT = "dwarf-with-dsym";
				ENABLE_NS_ASSERTIONS = NO;
				ENABLE_STRICT_OBJC_MSGSEND = YES;
				GCC_C_LANGUAGE_STANDARD = gnu11;
				GCC_NO_COMMON_BLOCKS = YES;
				GCC_WARN_64_TO_32_BIT_CONVERSION = YES;
				GCC_WARN_ABOUT_RETURN_TYPE = YES_ERROR;
				GCC_WARN_UNDECLARED_SELECTOR = YES;
				GCC_WARN_UNINITIALIZED_AUTOS = YES_AGGRESSIVE;
				GCC_WARN_UNUSED_FUNCTION = YES;
				GCC_WARN_UNUSED_VARIABLE = YES;
				MACOSX_DEPLOYMENT_TARGET = 13.0;
				MTL_ENABLE_DEBUG_INFO = NO;
				MTL_FAST_MATH = YES;
				SDKROOT = macosx;
				SWIFT_COMPILATION_MODE = wholemodule;
				SWIFT_OPTIMIZATION_LEVEL = "-O";
			};
			name = Release;
		};
		47C165A12A56B14A0058987A /* Debug */ = {
			isa = XCBuildConfiguration;
			buildSettings = {
				ASSETCATALOG_COMPILER_APPICON_NAME = AppIcon;
				ASSETCATALOG_COMPILER_GLOBAL_ACCENT_COLOR_NAME = AccentColor;
				ASSETCATALOG_COMPILER_INCLUDE_ALL_APPICON_ASSETS = YES;
				CODE_SIGN_ENTITLEMENTS = MouseWithoutBorder/MouseWithoutBorder.entitlements;
				CODE_SIGN_STYLE = Automatic;
				COMBINE_HIDPI_IMAGES = YES;
				CURRENT_PROJECT_VERSION = 1;
				DEVELOPMENT_ASSET_PATHS = "\"MouseWithoutBorder/Preview Content\"";
				ENABLE_PREVIEWS = YES;
				GENERATE_INFOPLIST_FILE = YES;
				INFOPLIST_FILE = MouseWithoutBorder/Info.plist;
				INFOPLIST_KEY_NSHumanReadableCopyright = "";
				LD_RUNPATH_SEARCH_PATHS = (
					"$(inherited)",
					"@executable_path/../Frameworks",
				);
				MARKETING_VERSION = 1.0;
				PRODUCT_BUNDLE_IDENTIFIER = top.picapico.MouseWithoutBorder;
				PRODUCT_NAME = "$(TARGET_NAME)";
				SWIFT_EMIT_LOC_STRINGS = YES;
				SWIFT_VERSION = 5.0;
			};
			name = Debug;
		};
		47C165A22A56B14A0058987A /* Release */ = {
			isa = XCBuildConfiguration;
			buildSettings = {
				ASSETCATALOG_COMPILER_APPICON_NAME = AppIcon;
				ASSETCATALOG_COMPILER_GLOBAL_ACCENT_COLOR_NAME = AccentColor;
				ASSETCATALOG_COMPILER_INCLUDE_ALL_APPICON_ASSETS = YES;
				CODE_SIGN_ENTITLEMENTS = MouseWithoutBorder/MouseWithoutBorder.entitlements;
				CODE_SIGN_STYLE = Automatic;
				COMBINE_HIDPI_IMAGES = YES;
				CURRENT_PROJECT_VERSION = 1;
				DEVELOPMENT_ASSET_PATHS = "\"MouseWithoutBorder/Preview Content\"";
				ENABLE_PREVIEWS = YES;
				GENERATE_INFOPLIST_FILE = YES;
				INFOPLIST_FILE = MouseWithoutBorder/Info.plist;
				INFOPLIST_KEY_NSHumanReadableCopyright = "";
				LD_RUNPATH_SEARCH_PATHS = (
					"$(inherited)",
					"@executable_path/../Frameworks",
				);
				MARKETING_VERSION = 1.0;
				PRODUCT_BUNDLE_IDENTIFIER = top.picapico.MouseWithoutBorder;
				PRODUCT_NAME = "$(TARGET_NAME)";
				SWIFT_EMIT_LOC_STRINGS = YES;
				SWIFT_VERSION = 5.0;
			};
			name = Release;
		};
/* End XCBuildConfiguration section */

/* Begin XCConfigurationList section */
		47C1658C2A56B1470058987A /* Build configuration list for PBXProject "MouseWithoutBorder" */ = {
			isa = XCConfigurationList;
			buildConfigurations = (
				47C1659E2A56B14A0058987A /* Debug */,
				47C1659F2A56B14A0058987A /* Release */,
			);
			defaultConfigurationIsVisible = 0;
			defaultConfigurationName = Release;
		};
		47C165A02A56B14A0058987A /* Build configuration list for PBXNativeTarget "MouseWithoutBorder" */ = {
			isa = XCConfigurationList;
			buildConfigurations = (
				47C165A12A56B14A0058987A /* Debug */,
				47C165A22A56B14A0058987A /* Release */,
			);
			defaultConfigurationIsVisible = 0;
			defaultConfigurationName = Release;
		};
/* End XCConfigurationList section */
	};
	rootObject = 47C165892A56B1470058987A /* Project object */;
}
